# THIS IS AN AUTOGENERATED FILE. DO NOT EDIT THIS FILE DIRECTLY.
# yarn lockfile v1


debug@^3.0.1:
  version "3.1.0"
  resolved "https://registry.yarnpkg.com/debug/-/debug-3.1.0.tgz#5bb5a0672628b64149566ba16819e61518c67261"
  dependencies:
    ms "2.0.0"

hex@^0.1.0:
  version "0.1.0"
  resolved "https://registry.yarnpkg.com/hex/-/hex-0.1.0.tgz#012299fb30a65953a093bbbcf529e978430fc485"

ms@2.0.0:
  version "2.0.0"
  resolved "https://registry.yarnpkg.com/ms/-/ms-2.0.0.tgz#5608aeadfc00be6c2901df5f9861788de0d597c8"

slsk-client@^1.0.4:
  version "1.0.4"
  resolved "https://registry.yarnpkg.com/slsk-client/-/slsk-client-1.0.4.tgz#0b5cfa7802bf396c4e6e8fe1d74944114c76083e"
  dependencies:
    debug "^3.0.1"
    hex "^0.1.0"

spotify-web-api-js@^0.23.0:
  version "0.23.0"
  resolved "https://registry.yarnpkg.com/spotify-web-api-js/-/spotify-web-api-js-0.23.0.tgz#7701fbe365bbec56505dfa46c16604f7e4d36408"
